
Microsoft Visual Studio Solution File, Format Version 12.00
# Visual Studio Version 17
VisualStudioVersion = 17.13.35931.197 d17.13
MinimumVisualStudioVersion = 10.0.40219.1
Project("{FAE04EC0-301F-11D3-BF4B-00C04F79EFBC}") = "WindowsFormsApp1", "WindowsFormsApp1\WindowsFormsApp1.csproj", "{AB250F6C-82CB-4592-AB9E-1B0CE1A2E98F}"
EndProject
Global
	GlobalSection(SolutionConfigurationPlatforms) = preSolution
		Debug|Any CPU = Debug|Any CPU
		Release|Any CPU = Release|Any CPU
	EndGlobalSection
	GlobalSection(ProjectConfigurationPlatforms) = postSolution
		{AB250F6C-82CB-4592-AB9E-1B0CE1A2E98F}.Debug|Any CPU.ActiveCfg = Debug|Any CPU
		{AB250F6C-82CB-4592-AB9E-1B0CE1A2E98F}.Debug|Any CPU.Build.0 = Debug|Any CPU
		{AB250F6C-82CB-4592-AB9E-1B0CE1A2E98F}.Release|Any CPU.ActiveCfg = Release|Any CPU
		{AB250F6C-82CB-4592-AB9E-1B0CE1A2E98F}.Release|Any CPU.Build.0 = Release|Any CPU
	EndGlobalSection
	GlobalSection(SolutionProperties) = preSolution
		HideSolutionNode = FALSE
	EndGlobalSection
	GlobalSection(ExtensibilityGlobals) = postSolution
		SolutionGuid = {BD002A81-0BF2-454A-835F-318DC11C362A}
	EndGlobalSection
EndGlobal
